// !$*UTF8*$!
{
	archiveVersion = 1;
	classes = {
	};
	objectVersion = 46;
	objects = {

/* Begin PBXBuildFile section */
		1BBDE4121BAC1B7200CD5461 /* Utils.m in Sources */ = {isa = PBXBuildFile; fileRef = 1BBDE4111BAC1B7200CD5461 /* Utils.m */; };
		1BBDE4171BAC56C300CD5461 /* UILabel+size.m in Sources */ = {isa = PBXBuildFile; fileRef = 1BBDE4161BAC56C300CD5461 /* UILabel+size.m */; };
		1BD1ABB21BD9343E00F7E096 /* History.m in Sources */ = {isa = PBXBuildFile; fileRef = 1BD1ABB11BD9343E00F7E096 /* History.m */; settings = {ASSET_TAGS = (); }; };
		1BD924A91BBEC36300EF90F7 /* CurrentState.m in Sources */ = {isa = PBXBuildFile; fileRef = 1BD924A81BBEC36300EF90F7 /* CurrentState.m */; };
		1BD924AD1BBED7DB00EF90F7 /* greece.png in Resources */ = {isa = PBXBuildFile; fileRef = 1BD924AC1BBED7DB00EF90F7 /* greece.png */; };
		1BD924AF1BBEDA8E00EF90F7 /* hungary.png in Resources */ = {isa = PBXBuildFile; fileRef = 1BD924AE1BBEDA8E00EF90F7 /* hungary.png */; };
		1BD924B11BBEDAAC00EF90F7 /* france.png in Resources */ = {isa = PBXBuildFile; fileRef = 1BD924B01BBEDAAC00EF90F7 /* france.png */; };
		1BD924B31BBEDAC900EF90F7 /* spain.png in Resources */ = {isa = PBXBuildFile; fileRef = 1BD924B21BBEDAC900EF90F7 /* spain.png */; };
		1BD924B51BBEDADD00EF90F7 /* denmark.png in Resources */ = {isa = PBXBuildFile; fileRef = 1BD924B41BBEDADD00EF90F7 /* denmark.png */; };
		1BD924B71BBEDAF000EF90F7 /* germany.png in Resources */ = {isa = PBXBuildFile; fileRef = 1BD924B61BBEDAF000EF90F7 /* germany.png */; };
		1BD924B91BBEDB0C00EF90F7 /* italy.png in Resources */ = {isa = PBXBuildFile; fileRef = 1BD924B81BBEDB0C00EF90F7 /* italy.png */; };
		1BD924BB1BBEDB2500EF90F7 /* luxembourg.png in Resources */ = {isa = PBXBuildFile; fileRef = 1BD924BA1BBEDB2500EF90F7 /* luxembourg.png */; };
		1BD924BD1BBEDB5B00EF90F7 /* netherlands.png in Resources */ = {isa = PBXBuildFile; fileRef = 1BD924BC1BBEDB5B00EF90F7 /* netherlands.png */; };
		1BD924BF1BBEDB7100EF90F7 /* poland.png in Resources */ = {isa = PBXBuildFile; fileRef = 1BD924BE1BBEDB7100EF90F7 /* poland.png */; };
		1BD924C11BBEDB8300EF90F7 /* portugal.png in Resources */ = {isa = PBXBuildFile; fileRef = 1BD924C01BBEDB8300EF90F7 /* portugal.png */; };
		1BD924C31BBEDBD500EF90F7 /* austria.png in Resources */ = {isa = PBXBuildFile; fileRef = 1BD924C21BBEDBD500EF90F7 /* austria.png */; };
		1BD924C51BBEDBE800EF90F7 /* belgium.png in Resources */ = {isa = PBXBuildFile; fileRef = 1BD924C41BBEDBE800EF90F7 /* belgium.png */; };
		1BD924C71BBEDC0D00EF90F7 /* switzerland.png in Resources */ = {isa = PBXBuildFile; fileRef = 1BD924C61BBEDC0D00EF90F7 /* switzerland.png */; };
		1BD924C91BBEDC4500EF90F7 /* finland.png in Resources */ = {isa = PBXBuildFile; fileRef = 1BD924C81BBEDC4500EF90F7 /* finland.png */; };
		1BD924CB1BBEDC6C00EF90F7 /* norway.png in Resources */ = {isa = PBXBuildFile; fileRef = 1BD924CA1BBEDC6C00EF90F7 /* norway.png */; };
		1BD924CD1BBEDC8700EF90F7 /* sweden.png in Resources */ = {isa = PBXBuildFile; fileRef = 1BD924CC1BBEDC8700EF90F7 /* sweden.png */; };
		1BD924CF1BBEDCB900EF90F7 /* greatbritain.png in Resources */ = {isa = PBXBuildFile; fileRef = 1BD924CE1BBEDCB900EF90F7 /* greatbritain.png */; };
		1BD924D11BBEDCD300EF90F7 /* ireland.png in Resources */ = {isa = PBXBuildFile; fileRef = 1BD924D01BBEDCD300EF90F7 /* ireland.png */; };
		1BD924D31BBEE04600EF90F7 /* turkey.png in Resources */ = {isa = PBXBuildFile; fileRef = 1BD924D21BBEE04600EF90F7 /* turkey.png */; };
		1BD924D51BBEEFAD00EF90F7 /* liechtenstein.png in Resources */ = {isa = PBXBuildFile; fileRef = 1BD924D41BBEEFAD00EF90F7 /* liechtenstein.png */; };
		1BD924D71BBEF05400EF90F7 /* andorra.png in Resources */ = {isa = PBXBuildFile; fileRef = 1BD924D61BBEF05400EF90F7 /* andorra.png */; };
		1BD924D91BBEF0B700EF90F7 /* iceland.png in Resources */ = {isa = PBXBuildFile; fileRef = 1BD924D81BBEF0B700EF90F7 /* iceland.png */; };
		1BD924DB1BBEF12100EF90F7 /* malta.png in Resources */ = {isa = PBXBuildFile; fileRef = 1BD924DA1BBEF12100EF90F7 /* malta.png */; };
		1BD924DD1BBEF30300EF90F7 /* croatia.png in Resources */ = {isa = PBXBuildFile; fileRef = 1BD924DC1BBEF30300EF90F7 /* croatia.png */; };
		1BD94FD41BC6A9E5004AF034 /* PublicAPI.m in Sources */ = {isa = PBXBuildFile; fileRef = 1BD94FD31BC6A9E5004AF034 /* PublicAPI.m */; };
		1BD968361BA99A3200C243D1 /* CollectionViewCell.m in Sources */ = {isa = PBXBuildFile; fileRef = 1BD968351BA99A3200C243D1 /* CollectionViewCell.m */; };
		1BD9B3DE1BD25969009A7812 /* CollectionViewFlowLayout.m in Sources */ = {isa = PBXBuildFile; fileRef = 1BD9B3DD1BD25969009A7812 /* CollectionViewFlowLayout.m */; };
		1BDB12321BAAB672005A5051 /* DragView.m in Sources */ = {isa = PBXBuildFile; fileRef = 1BDB12311BAAB672005A5051 /* DragView.m */; };
		1BDB9F701BBD71D0005C62CA /* CustomView.m in Sources */ = {isa = PBXBuildFile; fileRef = 1BDB9F6F1BBD71D0005C62CA /* CustomView.m */; };
		1BDC0A191BC916930097092A /* undo.png in Resources */ = {isa = PBXBuildFile; fileRef = 1BDC0A181BC916930097092A /* undo.png */; };
		1BDC0A1C1BC968760097092A /* UndoButtonHelper.m in Sources */ = {isa = PBXBuildFile; fileRef = 1BDC0A1B1BC968760097092A /* UndoButtonHelper.m */; };
		1BDC75E91BB1B22E00171AA2 /* NSMutableArray+cat.m in Sources */ = {isa = PBXBuildFile; fileRef = 1BDC75E81BB1B22E00171AA2 /* NSMutableArray+cat.m */; };
		1BDCD8B81BC3B880000C21A7 /* DragDropHelper.m in Sources */ = {isa = PBXBuildFile; fileRef = 1BDCD8B71BC3B880000C21A7 /* DragDropHelper.m */; };
		1BDD6CAF1BB819DB00AFE92C /* PersistencyManager.m in Sources */ = {isa = PBXBuildFile; fileRef = 1BDD6CAE1BB819DB00AFE92C /* PersistencyManager.m */; };
		1BDD7EF71BB53AE700CB4161 /* NSMutableDictionary+cat.m in Sources */ = {isa = PBXBuildFile; fileRef = 1BDD7EF61BB53AE700CB4161 /* NSMutableDictionary+cat.m */; };
		1BDD7EFD1BB54ABD00CB4161 /* MainBasicView.m in Sources */ = {isa = PBXBuildFile; fileRef = 1BDD7EFC1BB54ABD00CB4161 /* MainBasicView.m */; };
		1BDD7F011BB5553A00CB4161 /* DragCollectionView.m in Sources */ = {isa = PBXBuildFile; fileRef = 1BDD7F001BB5553A00CB4161 /* DragCollectionView.m */; };
		1BDD7F041BB5556C00CB4161 /* DropCollectionView.m in Sources */ = {isa = PBXBuildFile; fileRef = 1BDD7F031BB5556C00CB4161 /* DropCollectionView.m */; };
		1BDDE7481BB4426400E54751 /* ConfigAPI.m in Sources */ = {isa = PBXBuildFile; fileRef = 1BDDE7471BB4426400E54751 /* ConfigAPI.m */; };
		1BDEF6711BD0FB6E00ADEBBF /* ViewConverter.m in Sources */ = {isa = PBXBuildFile; fileRef = 1BDEF6701BD0FB6E00ADEBBF /* ViewConverter.m */; };
		1BDF7FAE1BA833FC00A49AA9 /* main.m in Sources */ = {isa = PBXBuildFile; fileRef = 1BDF7FAD1BA833FC00A49AA9 /* main.m */; };
		1BDF7FB11BA833FC00A49AA9 /* AppDelegate.m in Sources */ = {isa = PBXBuildFile; fileRef = 1BDF7FB01BA833FC00A49AA9 /* AppDelegate.m */; };
		1BDF7FB41BA833FC00A49AA9 /* ViewController.m in Sources */ = {isa = PBXBuildFile; fileRef = 1BDF7FB31BA833FC00A49AA9 /* ViewController.m */; };
		1BDF7FB91BA833FC00A49AA9 /* Images.xcassets in Resources */ = {isa = PBXBuildFile; fileRef = 1BDF7FB81BA833FC00A49AA9 /* Images.xcassets */; };
		1BDF7FC81BA833FC00A49AA9 /* DragDropCollectionViewTests.m in Sources */ = {isa = PBXBuildFile; fileRef = 1BDF7FC71BA833FC00A49AA9 /* DragDropCollectionViewTests.m */; };
		1BDF7FD31BA8354700A49AA9 /* MainView.m in Sources */ = {isa = PBXBuildFile; fileRef = 1BDF7FD21BA8354700A49AA9 /* MainView.m */; };
		1BE559FF1BBAD38900E5218F /* DropView.m in Sources */ = {isa = PBXBuildFile; fileRef = 1BE559FE1BBAD38900E5218F /* DropView.m */; };
		1BE55A031BBAD3DF00E5218F /* MoveableView.m in Sources */ = {isa = PBXBuildFile; fileRef = 1BE55A021BBAD3DF00E5218F /* MoveableView.m */; };
		1BE7810B1BC5536E00BD13C1 /* ConcreteCustomView.m in Sources */ = {isa = PBXBuildFile; fileRef = 1BE7810A1BC5536E00BD13C1 /* ConcreteCustomView.m */; };
/* End PBXBuildFile section */

/* Begin PBXContainerItemProxy section */
		1BDF7FC21BA833FC00A49AA9 /* PBXContainerItemProxy */ = {
			isa = PBXContainerItemProxy;
			containerPortal = 1BDF7FA01BA833FC00A49AA9 /* Project object */;
			proxyType = 1;
			remoteGlobalIDString = 1BDF7FA71BA833FC00A49AA9;
			remoteInfo = DragDropCollectionView;
		};
/* End PBXContainerItemProxy section */

/* Begin PBXFileReference section */
		1BBDE4111BAC1B7200CD5461 /* Utils.m */ = {isa = PBXFileReference; lastKnownFileType = sourcecode.c.objc; path = Utils.m; sourceTree = "<group>"; };
		1BBDE4131BAC1BCF00CD5461 /* PrefixHeader.pch */ = {isa = PBXFileReference; lastKnownFileType = sourcecode.c.h; path = PrefixHeader.pch; sourceTree = "<group>"; };
		1BBDE4141BAC1BDE00CD5461 /* Utils.h */ = {isa = PBXFileReference; lastKnownFileType = sourcecode.c.h; path = Utils.h; sourceTree = "<group>"; };
		1BBDE4151BAC56C300CD5461 /* UILabel+size.h */ = {isa = PBXFileReference; fileEncoding = 4; lastKnownFileType = sourcecode.c.h; path = "UILabel+size.h"; sourceTree = "<group>"; };
		1BBDE4161BAC56C300CD5461 /* UILabel+size.m */ = {isa = PBXFileReference; fileEncoding = 4; lastKnownFileType = sourcecode.c.objc; path = "UILabel+size.m"; sourceTree = "<group>"; };
		1BD1ABB01BD9343E00F7E096 /* History.h */ = {isa = PBXFileReference; fileEncoding = 4; lastKnownFileType = sourcecode.c.h; path = History.h; sourceTree = "<group>"; };
		1BD1ABB11BD9343E00F7E096 /* History.m */ = {isa = PBXFileReference; fileEncoding = 4; lastKnownFileType = sourcecode.c.objc; path = History.m; sourceTree = "<group>"; };
		1BD924A71BBEC36300EF90F7 /* CurrentState.h */ = {isa = PBXFileReference; fileEncoding = 4; lastKnownFileType = sourcecode.c.h; path = CurrentState.h; sourceTree = "<group>"; };
		1BD924A81BBEC36300EF90F7 /* CurrentState.m */ = {isa = PBXFileReference; fileEncoding = 4; lastKnownFileType = sourcecode.c.objc; path = CurrentState.m; sourceTree = "<group>"; };
		1BD924AC1BBED7DB00EF90F7 /* greece.png */ = {isa = PBXFileReference; lastKnownFileType = image.png; path = greece.png; sourceTree = "<group>"; };
		1BD924AE1BBEDA8E00EF90F7 /* hungary.png */ = {isa = PBXFileReference; lastKnownFileType = image.png; path = hungary.png; sourceTree = "<group>"; };
		1BD924B01BBEDAAC00EF90F7 /* france.png */ = {isa = PBXFileReference; lastKnownFileType = image.png; path = france.png; sourceTree = "<group>"; };
		1BD924B21BBEDAC900EF90F7 /* spain.png */ = {isa = PBXFileReference; lastKnownFileType = image.png; path = spain.png; sourceTree = "<group>"; };
		1BD924B41BBEDADD00EF90F7 /* denmark.png */ = {isa = PBXFileReference; lastKnownFileType = image.png; path = denmark.png; sourceTree = "<group>"; };
		1BD924B61BBEDAF000EF90F7 /* germany.png */ = {isa = PBXFileReference; lastKnownFileType = image.png; path = germany.png; sourceTree = "<group>"; };
		1BD924B81BBEDB0C00EF90F7 /* italy.png */ = {isa = PBXFileReference; lastKnownFileType = image.png; path = italy.png; sourceTree = "<group>"; };
		1BD924BA1BBEDB2500EF90F7 /* luxembourg.png */ = {isa = PBXFileReference; lastKnownFileType = image.png; path = luxembourg.png; sourceTree = "<group>"; };
		1BD924BC1BBEDB5B00EF90F7 /* netherlands.png */ = {isa = PBXFileReference; lastKnownFileType = image.png; path = netherlands.png; sourceTree = "<group>"; };
		1BD924BE1BBEDB7100EF90F7 /* poland.png */ = {isa = PBXFileReference; lastKnownFileType = image.png; path = poland.png; sourceTree = "<group>"; };
		1BD924C01BBEDB8300EF90F7 /* portugal.png */ = {isa = PBXFileReference; lastKnownFileType = image.png; path = portugal.png; sourceTree = "<group>"; };
		1BD924C21BBEDBD500EF90F7 /* austria.png */ = {isa = PBXFileReference; lastKnownFileType = image.png; path = austria.png; sourceTree = "<group>"; };
		1BD924C41BBEDBE800EF90F7 /* belgium.png */ = {isa = PBXFileReference; lastKnownFileType = image.png; path = belgium.png; sourceTree = "<group>"; };
		1BD924C61BBEDC0D00EF90F7 /* switzerland.png */ = {isa = PBXFileReference; lastKnownFileType = image.png; path = switzerland.png; sourceTree = "<group>"; };
		1BD924C81BBEDC4500EF90F7 /* finland.png */ = {isa = PBXFileReference; lastKnownFileType = image.png; path = finland.png; sourceTree = "<group>"; };
		1BD924CA1BBEDC6C00EF90F7 /* norway.png */ = {isa = PBXFileReference; lastKnownFileType = image.png; path = norway.png; sourceTree = "<group>"; };
		1BD924CC1BBEDC8700EF90F7 /* sweden.png */ = {isa = PBXFileReference; lastKnownFileType = image.png; path = sweden.png; sourceTree = "<group>"; };
		1BD924CE1BBEDCB900EF90F7 /* greatbritain.png */ = {isa = PBXFileReference; lastKnownFileType = image.png; path = greatbritain.png; sourceTree = "<group>"; };
		1BD924D01BBEDCD300EF90F7 /* ireland.png */ = {isa = PBXFileReference; lastKnownFileType = image.png; path = ireland.png; sourceTree = "<group>"; };
		1BD924D21BBEE04600EF90F7 /* turkey.png */ = {isa = PBXFileReference; lastKnownFileType = image.png; path = turkey.png; sourceTree = "<group>"; };
		1BD924D41BBEEFAD00EF90F7 /* liechtenstein.png */ = {isa = PBXFileReference; lastKnownFileType = image.png; path = liechtenstein.png; sourceTree = "<group>"; };
		1BD924D61BBEF05400EF90F7 /* andorra.png */ = {isa = PBXFileReference; lastKnownFileType = image.png; path = andorra.png; sourceTree = "<group>"; };
		1BD924D81BBEF0B700EF90F7 /* iceland.png */ = {isa = PBXFileReference; lastKnownFileType = image.png; path = iceland.png; sourceTree = "<group>"; };
		1BD924DA1BBEF12100EF90F7 /* malta.png */ = {isa = PBXFileReference; lastKnownFileType = image.png; path = malta.png; sourceTree = "<group>"; };
		1BD924DC1BBEF30300EF90F7 /* croatia.png */ = {isa = PBXFileReference; lastKnownFileType = image.png; path = croatia.png; sourceTree = "<group>"; };
		1BD94FD21BC6A9E5004AF034 /* PublicAPI.h */ = {isa = PBXFileReference; fileEncoding = 4; lastKnownFileType = sourcecode.c.h; path = PublicAPI.h; sourceTree = "<group>"; };
		1BD94FD31BC6A9E5004AF034 /* PublicAPI.m */ = {isa = PBXFileReference; fileEncoding = 4; lastKnownFileType = sourcecode.c.objc; path = PublicAPI.m; sourceTree = "<group>"; };
		1BD968341BA99A3200C243D1 /* CollectionViewCell.h */ = {isa = PBXFileReference; fileEncoding = 4; lastKnownFileType = sourcecode.c.h; path = CollectionViewCell.h; sourceTree = "<group>"; };
		1BD968351BA99A3200C243D1 /* CollectionViewCell.m */ = {isa = PBXFileReference; fileEncoding = 4; lastKnownFileType = sourcecode.c.objc; path = CollectionViewCell.m; sourceTree = "<group>"; };
		1BD9B3DC1BD25969009A7812 /* CollectionViewFlowLayout.h */ = {isa = PBXFileReference; fileEncoding = 4; lastKnownFileType = sourcecode.c.h; path = CollectionViewFlowLayout.h; sourceTree = "<group>"; };
		1BD9B3DD1BD25969009A7812 /* CollectionViewFlowLayout.m */ = {isa = PBXFileReference; fileEncoding = 4; lastKnownFileType = sourcecode.c.objc; path = CollectionViewFlowLayout.m; sourceTree = "<group>"; };
		1BDB12301BAAB672005A5051 /* DragView.h */ = {isa = PBXFileReference; fileEncoding = 4; lastKnownFileType = sourcecode.c.h; path = DragView.h; sourceTree = "<group>"; };
		1BDB12311BAAB672005A5051 /* DragView.m */ = {isa = PBXFileReference; fileEncoding = 4; lastKnownFileType = sourcecode.c.objc; path = DragView.m; sourceTree = "<group>"; };
		1BDB9F6E1BBD71D0005C62CA /* CustomView.h */ = {isa = PBXFileReference; fileEncoding = 4; lastKnownFileType = sourcecode.c.h; path = CustomView.h; sourceTree = "<group>"; };
		1BDB9F6F1BBD71D0005C62CA /* CustomView.m */ = {isa = PBXFileReference; fileEncoding = 4; lastKnownFileType = sourcecode.c.objc; path = CustomView.m; sourceTree = "<group>"; };
		1BDC0A181BC916930097092A /* undo.png */ = {isa = PBXFileReference; lastKnownFileType = image.png; path = undo.png; sourceTree = "<group>"; };
		1BDC0A1A1BC968760097092A /* UndoButtonHelper.h */ = {isa = PBXFileReference; fileEncoding = 4; lastKnownFileType = sourcecode.c.h; path = UndoButtonHelper.h; sourceTree = "<group>"; };
		1BDC0A1B1BC968760097092A /* UndoButtonHelper.m */ = {isa = PBXFileReference; fileEncoding = 4; lastKnownFileType = sourcecode.c.objc; path = UndoButtonHelper.m; sourceTree = "<group>"; };
		1BDC75E71BB1B22E00171AA2 /* NSMutableArray+cat.h */ = {isa = PBXFileReference; fileEncoding = 4; lastKnownFileType = sourcecode.c.h; path = "NSMutableArray+cat.h"; sourceTree = "<group>"; };
		1BDC75E81BB1B22E00171AA2 /* NSMutableArray+cat.m */ = {isa = PBXFileReference; fileEncoding = 4; lastKnownFileType = sourcecode.c.objc; path = "NSMutableArray+cat.m"; sourceTree = "<group>"; };
		1BDCD8B61BC3B880000C21A7 /* DragDropHelper.h */ = {isa = PBXFileReference; fileEncoding = 4; lastKnownFileType = sourcecode.c.h; path = DragDropHelper.h; sourceTree = "<group>"; };
		1BDCD8B71BC3B880000C21A7 /* DragDropHelper.m */ = {isa = PBXFileReference; fileEncoding = 4; lastKnownFileType = sourcecode.c.objc; path = DragDropHelper.m; sourceTree = "<group>"; };
		1BDD6CAD1BB819DB00AFE92C /* PersistencyManager.h */ = {isa = PBXFileReference; fileEncoding = 4; lastKnownFileType = sourcecode.c.h; path = PersistencyManager.h; sourceTree = "<group>"; };
		1BDD6CAE1BB819DB00AFE92C /* PersistencyManager.m */ = {isa = PBXFileReference; fileEncoding = 4; lastKnownFileType = sourcecode.c.objc; path = PersistencyManager.m; sourceTree = "<group>"; };
		1BDD7EF51BB53AE700CB4161 /* NSMutableDictionary+cat.h */ = {isa = PBXFileReference; fileEncoding = 4; lastKnownFileType = sourcecode.c.h; path = "NSMutableDictionary+cat.h"; sourceTree = "<group>"; };
		1BDD7EF61BB53AE700CB4161 /* NSMutableDictionary+cat.m */ = {isa = PBXFileReference; fileEncoding = 4; lastKnownFileType = sourcecode.c.objc; path = "NSMutableDictionary+cat.m"; sourceTree = "<group>"; };
		1BDD7EFB1BB54ABD00CB4161 /* MainBasicView.h */ = {isa = PBXFileReference; fileEncoding = 4; lastKnownFileType = sourcecode.c.h; path = MainBasicView.h; sourceTree = "<group>"; };
		1BDD7EFC1BB54ABD00CB4161 /* MainBasicView.m */ = {isa = PBXFileReference; fileEncoding = 4; lastKnownFileType = sourcecode.c.objc; path = MainBasicView.m; sourceTree = "<group>"; };
		1BDD7EFF1BB5553A00CB4161 /* DragCollectionView.h */ = {isa = PBXFileReference; fileEncoding = 4; lastKnownFileType = sourcecode.c.h; path = DragCollectionView.h; sourceTree = "<group>"; };
		1BDD7F001BB5553A00CB4161 /* DragCollectionView.m */ = {isa = PBXFileReference; fileEncoding = 4; lastKnownFileType = sourcecode.c.objc; path = DragCollectionView.m; sourceTree = "<group>"; };
		1BDD7F021BB5556C00CB4161 /* DropCollectionView.h */ = {isa = PBXFileReference; fileEncoding = 4; lastKnownFileType = sourcecode.c.h; path = DropCollectionView.h; sourceTree = "<group>"; };
		1BDD7F031BB5556C00CB4161 /* DropCollectionView.m */ = {isa = PBXFileReference; fileEncoding = 4; lastKnownFileType = sourcecode.c.objc; path = DropCollectionView.m; sourceTree = "<group>"; };
		1BDDE7461BB4426400E54751 /* ConfigAPI.h */ = {isa = PBXFileReference; fileEncoding = 4; lastKnownFileType = sourcecode.c.h; path = ConfigAPI.h; sourceTree = "<group>"; };
		1BDDE7471BB4426400E54751 /* ConfigAPI.m */ = {isa = PBXFileReference; fileEncoding = 4; lastKnownFileType = sourcecode.c.objc; path = ConfigAPI.m; sourceTree = "<group>"; };
		1BDEF66F1BD0FB6E00ADEBBF /* ViewConverter.h */ = {isa = PBXFileReference; fileEncoding = 4; lastKnownFileType = sourcecode.c.h; path = ViewConverter.h; sourceTree = "<group>"; };
		1BDEF6701BD0FB6E00ADEBBF /* ViewConverter.m */ = {isa = PBXFileReference; fileEncoding = 4; lastKnownFileType = sourcecode.c.objc; path = ViewConverter.m; sourceTree = "<group>"; };
		1BDF7FA81BA833FC00A49AA9 /* DragDropCollectionView.app */ = {isa = PBXFileReference; explicitFileType = wrapper.application; includeInIndex = 0; path = DragDropCollectionView.app; sourceTree = BUILT_PRODUCTS_DIR; };
		1BDF7FAC1BA833FC00A49AA9 /* Info.plist */ = {isa = PBXFileReference; lastKnownFileType = text.plist.xml; path = Info.plist; sourceTree = "<group>"; };
		1BDF7FAD1BA833FC00A49AA9 /* main.m */ = {isa = PBXFileReference; lastKnownFileType = sourcecode.c.objc; path = main.m; sourceTree = "<group>"; };
		1BDF7FAF1BA833FC00A49AA9 /* AppDelegate.h */ = {isa = PBXFileReference; lastKnownFileType = sourcecode.c.h; path = AppDelegate.h; sourceTree = "<group>"; };
		1BDF7FB01BA833FC00A49AA9 /* AppDelegate.m */ = {isa = PBXFileReference; lastKnownFileType = sourcecode.c.objc; path = AppDelegate.m; sourceTree = "<group>"; };
		1BDF7FB21BA833FC00A49AA9 /* ViewController.h */ = {isa = PBXFileReference; lastKnownFileType = sourcecode.c.h; path = ViewController.h; sourceTree = "<group>"; };
		1BDF7FB31BA833FC00A49AA9 /* ViewController.m */ = {isa = PBXFileReference; lastKnownFileType = sourcecode.c.objc; path = ViewController.m; sourceTree = "<group>"; };
		1BDF7FB81BA833FC00A49AA9 /* Images.xcassets */ = {isa = PBXFileReference; lastKnownFileType = folder.assetcatalog; path = Images.xcassets; sourceTree = "<group>"; };
		1BDF7FC11BA833FC00A49AA9 /* DragDropCollectionViewTests.xctest */ = {isa = PBXFileReference; explicitFileType = wrapper.cfbundle; includeInIndex = 0; path = DragDropCollectionViewTests.xctest; sourceTree = BUILT_PRODUCTS_DIR; };
		1BDF7FC61BA833FC00A49AA9 /* Info.plist */ = {isa = PBXFileReference; lastKnownFileType = text.plist.xml; path = Info.plist; sourceTree = "<group>"; };
		1BDF7FC71BA833FC00A49AA9 /* DragDropCollectionViewTests.m */ = {isa = PBXFileReference; lastKnownFileType = sourcecode.c.objc; path = DragDropCollectionViewTests.m; sourceTree = "<group>"; };
		1BDF7FD11BA8354700A49AA9 /* MainView.h */ = {isa = PBXFileReference; fileEncoding = 4; lastKnownFileType = sourcecode.c.h; path = MainView.h; sourceTree = "<group>"; };
		1BDF7FD21BA8354700A49AA9 /* MainView.m */ = {isa = PBXFileReference; fileEncoding = 4; lastKnownFileType = sourcecode.c.objc; path = MainView.m; sourceTree = "<group>"; };
		1BE559FD1BBAD38900E5218F /* DropView.h */ = {isa = PBXFileReference; fileEncoding = 4; lastKnownFileType = sourcecode.c.h; path = DropView.h; sourceTree = "<group>"; };
		1BE559FE1BBAD38900E5218F /* DropView.m */ = {isa = PBXFileReference; fileEncoding = 4; lastKnownFileType = sourcecode.c.objc; path = DropView.m; sourceTree = "<group>"; };
		1BE55A011BBAD3DF00E5218F /* MoveableView.h */ = {isa = PBXFileReference; fileEncoding = 4; lastKnownFileType = sourcecode.c.h; path = MoveableView.h; sourceTree = "<group>"; };
		1BE55A021BBAD3DF00E5218F /* MoveableView.m */ = {isa = PBXFileReference; fileEncoding = 4; lastKnownFileType = sourcecode.c.objc; path = MoveableView.m; sourceTree = "<group>"; };
		1BE781091BC5536E00BD13C1 /* ConcreteCustomView.h */ = {isa = PBXFileReference; fileEncoding = 4; lastKnownFileType = sourcecode.c.h; path = ConcreteCustomView.h; sourceTree = "<group>"; };
		1BE7810A1BC5536E00BD13C1 /* ConcreteCustomView.m */ = {isa = PBXFileReference; fileEncoding = 4; lastKnownFileType = sourcecode.c.objc; path = ConcreteCustomView.m; sourceTree = "<group>"; };
/* End PBXFileReference section */

/* Begin PBXFrameworksBuildPhase section */
		1BDF7FA51BA833FC00A49AA9 /* Frameworks */ = {
			isa = PBXFrameworksBuildPhase;
			buildActionMask = 2147483647;
			files = (
			);
			runOnlyForDeploymentPostprocessing = 0;
		};
		1BDF7FBE1BA833FC00A49AA9 /* Frameworks */ = {
			isa = PBXFrameworksBuildPhase;
			buildActionMask = 2147483647;
			files = (
			);
			runOnlyForDeploymentPostprocessing = 0;
		};
/* End PBXFrameworksBuildPhase section */

/* Begin PBXGroup section */
		1BD1ABAF1BD9341E00F7E096 /* Model */ = {
			isa = PBXGroup;
			children = (
				1BD1ABB01BD9343E00F7E096 /* History.h */,
				1BD1ABB11BD9343E00F7E096 /* History.m */,
			);
			name = Model;
			sourceTree = "<group>";
		};
		1BD924A61BBEC33100EF90F7 /* Session */ = {
			isa = PBXGroup;
			children = (
				1BDD6CAD1BB819DB00AFE92C /* PersistencyManager.h */,
				1BDD6CAE1BB819DB00AFE92C /* PersistencyManager.m */,
				1BD924A71BBEC36300EF90F7 /* CurrentState.h */,
				1BD924A81BBEC36300EF90F7 /* CurrentState.m */,
			);
			name = Session;
			sourceTree = "<group>";
		};
		1BD924AA1BBED7C200EF90F7 /* Images */ = {
			isa = PBXGroup;
			children = (
				1BDC0A171BC916850097092A /* Icons */,
				1BD924AB1BBED7CE00EF90F7 /* Flags */,
			);
			name = Images;
			sourceTree = "<group>";
		};
		1BD924AB1BBED7CE00EF90F7 /* Flags */ = {
			isa = PBXGroup;
			children = (
				1BD924D61BBEF05400EF90F7 /* andorra.png */,
				1BD924C21BBEDBD500EF90F7 /* austria.png */,
				1BD924C41BBEDBE800EF90F7 /* belgium.png */,
				1BD924DC1BBEF30300EF90F7 /* croatia.png */,
				1BD924B41BBEDADD00EF90F7 /* denmark.png */,
				1BD924C81BBEDC4500EF90F7 /* finland.png */,
				1BD924B01BBEDAAC00EF90F7 /* france.png */,
				1BD924B61BBEDAF000EF90F7 /* germany.png */,
				1BD924CE1BBEDCB900EF90F7 /* greatbritain.png */,
				1BD924AC1BBED7DB00EF90F7 /* greece.png */,
				1BD924AE1BBEDA8E00EF90F7 /* hungary.png */,
				1BD924D81BBEF0B700EF90F7 /* iceland.png */,
				1BD924D01BBEDCD300EF90F7 /* ireland.png */,
				1BD924B81BBEDB0C00EF90F7 /* italy.png */,
				1BD924D41BBEEFAD00EF90F7 /* liechtenstein.png */,
				1BD924BA1BBEDB2500EF90F7 /* luxembourg.png */,
				1BD924DA1BBEF12100EF90F7 /* malta.png */,
				1BD924BC1BBEDB5B00EF90F7 /* netherlands.png */,
				1BD924CA1BBEDC6C00EF90F7 /* norway.png */,
				1BD924BE1BBEDB7100EF90F7 /* poland.png */,
				1BD924C01BBEDB8300EF90F7 /* portugal.png */,
				1BD924B21BBEDAC900EF90F7 /* spain.png */,
				1BD924CC1BBEDC8700EF90F7 /* sweden.png */,
				1BD924C61BBEDC0D00EF90F7 /* switzerland.png */,
				1BD924D21BBEE04600EF90F7 /* turkey.png */,
			);
			name = Flags;
			sourceTree = "<group>";
		};
		1BDB9F6D1BBD71B8005C62CA /* Custom */ = {
			isa = PBXGroup;
			children = (
				1BE781091BC5536E00BD13C1 /* ConcreteCustomView.h */,
				1BE7810A1BC5536E00BD13C1 /* ConcreteCustomView.m */,
			);
			name = Custom;
			sourceTree = "<group>";
		};
		1BDC0A171BC916850097092A /* Icons */ = {
			isa = PBXGroup;
			children = (
				1BDC0A181BC916930097092A /* undo.png */,
			);
			name = Icons;
			sourceTree = "<group>";
		};
		1BDD6CAC1BB8190700AFE92C /* API */ = {
			isa = PBXGroup;
			children = (
				1BDDE7461BB4426400E54751 /* ConfigAPI.h */,
				1BDDE7471BB4426400E54751 /* ConfigAPI.m */,
			);
			name = API;
			sourceTree = "<group>";
		};
		1BDD7EF81BB549A800CB4161 /* Categories */ = {
			isa = PBXGroup;
			children = (
				1BBDE4151BAC56C300CD5461 /* UILabel+size.h */,
				1BBDE4161BAC56C300CD5461 /* UILabel+size.m */,
			);
			name = Categories;
			sourceTree = "<group>";
		};
		1BDD7EFA1BB549FD00CB4161 /* View */ = {
			isa = PBXGroup;
			children = (
				1BDB9F6D1BBD71B8005C62CA /* Custom */,
				1BDD7EFB1BB54ABD00CB4161 /* MainBasicView.h */,
				1BDD7EFC1BB54ABD00CB4161 /* MainBasicView.m */,
				1BDF7FD11BA8354700A49AA9 /* MainView.h */,
				1BDF7FD21BA8354700A49AA9 /* MainView.m */,
			);
			name = View;
			sourceTree = "<group>";
		};
		1BDD7EFE1BB54FE600CB4161 /* Utilities */ = {
			isa = PBXGroup;
			children = (
				1BBDE4141BAC1BDE00CD5461 /* Utils.h */,
				1BBDE4111BAC1B7200CD5461 /* Utils.m */,
				1BDCD8B61BC3B880000C21A7 /* DragDropHelper.h */,
				1BDCD8B71BC3B880000C21A7 /* DragDropHelper.m */,
				1BDC0A1A1BC968760097092A /* UndoButtonHelper.h */,
				1BDC0A1B1BC968760097092A /* UndoButtonHelper.m */,
			);
			name = Utilities;
			sourceTree = "<group>";
		};
		1BDF7F9F1BA833FC00A49AA9 = {
			isa = PBXGroup;
			children = (
				1BDF7FAA1BA833FC00A49AA9 /* DragDropCollectionView */,
				1BDF7FC41BA833FC00A49AA9 /* DragDropCollectionViewTests */,
				1BDF7FA91BA833FC00A49AA9 /* Products */,
			);
			sourceTree = "<group>";
		};
		1BDF7FA91BA833FC00A49AA9 /* Products */ = {
			isa = PBXGroup;
			children = (
				1BDF7FA81BA833FC00A49AA9 /* DragDropCollectionView.app */,
				1BDF7FC11BA833FC00A49AA9 /* DragDropCollectionViewTests.xctest */,
			);
			name = Products;
			sourceTree = "<group>";
		};
		1BDF7FAA1BA833FC00A49AA9 /* DragDropCollectionView */ = {
			isa = PBXGroup;
			children = (
				1BE780591BC52C7700BD13C1 /* library */,
				1BD924AA1BBED7C200EF90F7 /* Images */,
				1BDF7FAF1BA833FC00A49AA9 /* AppDelegate.h */,
				1BDF7FB01BA833FC00A49AA9 /* AppDelegate.m */,
				1BDF7FB21BA833FC00A49AA9 /* ViewController.h */,
				1BDF7FB31BA833FC00A49AA9 /* ViewController.m */,
				1BDF7FB81BA833FC00A49AA9 /* Images.xcassets */,
				1BDF7FAB1BA833FC00A49AA9 /* Supporting Files */,
				1BDD7EFA1BB549FD00CB4161 /* View */,
				1BDD7EF81BB549A800CB4161 /* Categories */,
			);
			path = DragDropCollectionView;
			sourceTree = "<group>";
		};
		1BDF7FAB1BA833FC00A49AA9 /* Supporting Files */ = {
			isa = PBXGroup;
			children = (
				1BDF7FAC1BA833FC00A49AA9 /* Info.plist */,
				1BDF7FAD1BA833FC00A49AA9 /* main.m */,
				1BBDE4131BAC1BCF00CD5461 /* PrefixHeader.pch */,
			);
			name = "Supporting Files";
			sourceTree = "<group>";
		};
		1BDF7FC41BA833FC00A49AA9 /* DragDropCollectionViewTests */ = {
			isa = PBXGroup;
			children = (
				1BDF7FC71BA833FC00A49AA9 /* DragDropCollectionViewTests.m */,
				1BDF7FC51BA833FC00A49AA9 /* Supporting Files */,
			);
			path = DragDropCollectionViewTests;
			sourceTree = "<group>";
		};
		1BDF7FC51BA833FC00A49AA9 /* Supporting Files */ = {
			isa = PBXGroup;
			children = (
				1BDF7FC61BA833FC00A49AA9 /* Info.plist */,
			);
			name = "Supporting Files";
			sourceTree = "<group>";
		};
		1BE55A001BBAD3A300E5218F /* Moveable */ = {
			isa = PBXGroup;
			children = (
				1BDB12301BAAB672005A5051 /* DragView.h */,
				1BDB12311BAAB672005A5051 /* DragView.m */,
				1BE559FD1BBAD38900E5218F /* DropView.h */,
				1BE559FE1BBAD38900E5218F /* DropView.m */,
				1BE55A011BBAD3DF00E5218F /* MoveableView.h */,
				1BE55A021BBAD3DF00E5218F /* MoveableView.m */,
				1BDB9F6E1BBD71D0005C62CA /* CustomView.h */,
				1BDB9F6F1BBD71D0005C62CA /* CustomView.m */,
			);
			name = Moveable;
			sourceTree = "<group>";
		};
		1BE780591BC52C7700BD13C1 /* library */ = {
			isa = PBXGroup;
			children = (
				1BD1ABAF1BD9341E00F7E096 /* Model */,
				1BD94FD21BC6A9E5004AF034 /* PublicAPI.h */,
				1BD94FD31BC6A9E5004AF034 /* PublicAPI.m */,
				1BE7805C1BC52CFE00BD13C1 /* Categories */,
				1BDD7EFE1BB54FE600CB4161 /* Utilities */,
				1BE7805A1BC52CA900BD13C1 /* View */,
				1BD924A61BBEC33100EF90F7 /* Session */,
				1BDD6CAC1BB8190700AFE92C /* API */,
			);
			name = library;
			sourceTree = "<group>";
		};
		1BE7805A1BC52CA900BD13C1 /* View */ = {
			isa = PBXGroup;
			children = (
				1BE7805B1BC52CCB00BD13C1 /* CollectionView */,
				1BE55A001BBAD3A300E5218F /* Moveable */,
				1BDEF66F1BD0FB6E00ADEBBF /* ViewConverter.h */,
				1BDEF6701BD0FB6E00ADEBBF /* ViewConverter.m */,
			);
			name = View;
			sourceTree = "<group>";
		};
		1BE7805B1BC52CCB00BD13C1 /* CollectionView */ = {
			isa = PBXGroup;
			children = (
				1BD968341BA99A3200C243D1 /* CollectionViewCell.h */,
				1BD968351BA99A3200C243D1 /* CollectionViewCell.m */,
				1BDD7EFF1BB5553A00CB4161 /* DragCollectionView.h */,
				1BDD7F001BB5553A00CB4161 /* DragCollectionView.m */,
				1BDD7F021BB5556C00CB4161 /* DropCollectionView.h */,
				1BDD7F031BB5556C00CB4161 /* DropCollectionView.m */,
				1BD9B3DC1BD25969009A7812 /* CollectionViewFlowLayout.h */,
				1BD9B3DD1BD25969009A7812 /* CollectionViewFlowLayout.m */,
			);
			name = CollectionView;
			sourceTree = "<group>";
		};
		1BE7805C1BC52CFE00BD13C1 /* Categories */ = {
			isa = PBXGroup;
			children = (
				1BDC75E71BB1B22E00171AA2 /* NSMutableArray+cat.h */,
				1BDC75E81BB1B22E00171AA2 /* NSMutableArray+cat.m */,
				1BDD7EF51BB53AE700CB4161 /* NSMutableDictionary+cat.h */,
				1BDD7EF61BB53AE700CB4161 /* NSMutableDictionary+cat.m */,
			);
			name = Categories;
			sourceTree = "<group>";
		};
/* End PBXGroup section */

/* Begin PBXNativeTarget section */
		1BDF7FA71BA833FC00A49AA9 /* DragDropCollectionView */ = {
			isa = PBXNativeTarget;
			buildConfigurationList = 1BDF7FCB1BA833FC00A49AA9 /* Build configuration list for PBXNativeTarget "DragDropCollectionView" */;
			buildPhases = (
				1BDF7FA41BA833FC00A49AA9 /* Sources */,
				1BDF7FA51BA833FC00A49AA9 /* Frameworks */,
				1BDF7FA61BA833FC00A49AA9 /* Resources */,
			);
			buildRules = (
			);
			dependencies = (
			);
			name = DragDropCollectionView;
			productName = DragDropCollectionView;
			productReference = 1BDF7FA81BA833FC00A49AA9 /* DragDropCollectionView.app */;
			productType = "com.apple.product-type.application";
		};
		1BDF7FC01BA833FC00A49AA9 /* DragDropCollectionViewTests */ = {
			isa = PBXNativeTarget;
			buildConfigurationList = 1BDF7FCE1BA833FC00A49AA9 /* Build configuration list for PBXNativeTarget "DragDropCollectionViewTests" */;
			buildPhases = (
				1BDF7FBD1BA833FC00A49AA9 /* Sources */,
				1BDF7FBE1BA833FC00A49AA9 /* Frameworks */,
				1BDF7FBF1BA833FC00A49AA9 /* Resources */,
			);
			buildRules = (
			);
			dependencies = (
				1BDF7FC31BA833FC00A49AA9 /* PBXTargetDependency */,
			);
			name = DragDropCollectionViewTests;
			productName = DragDropCollectionViewTests;
			productReference = 1BDF7FC11BA833FC00A49AA9 /* DragDropCollectionViewTests.xctest */;
			productType = "com.apple.product-type.bundle.unit-test";
		};
/* End PBXNativeTarget section */

/* Begin PBXProject section */
		1BDF7FA01BA833FC00A49AA9 /* Project object */ = {
			isa = PBXProject;
			attributes = {
				LastUpgradeCheck = 0700;
				ORGANIZATIONNAME = "Ulrich Vormbrock";
				TargetAttributes = {
					1BDF7FA71BA833FC00A49AA9 = {
						CreatedOnToolsVersion = 6.4;
					};
					1BDF7FC01BA833FC00A49AA9 = {
						CreatedOnToolsVersion = 6.4;
						TestTargetID = 1BDF7FA71BA833FC00A49AA9;
					};
				};
			};
			buildConfigurationList = 1BDF7FA31BA833FC00A49AA9 /* Build configuration list for PBXProject "DragDropCollectionView" */;
			compatibilityVersion = "Xcode 3.2";
			developmentRegion = English;
			hasScannedForEncodings = 0;
			knownRegions = (
				en,
				Base,
			);
			mainGroup = 1BDF7F9F1BA833FC00A49AA9;
			productRefGroup = 1BDF7FA91BA833FC00A49AA9 /* Products */;
			projectDirPath = "";
			projectRoot = "";
			targets = (
				1BDF7FA71BA833FC00A49AA9 /* DragDropCollectionView */,
				1BDF7FC01BA833FC00A49AA9 /* DragDropCollectionViewTests */,
			);
		};
/* End PBXProject section */

/* Begin PBXResourcesBuildPhase section */
		1BDF7FA61BA833FC00A49AA9 /* Resources */ = {
			isa = PBXResourcesBuildPhase;
			buildActionMask = 2147483647;
			files = (
				1BD924C31BBEDBD500EF90F7 /* austria.png in Resources */,
				1BD924B51BBEDADD00EF90F7 /* denmark.png in Resources */,
				1BDC0A191BC916930097092A /* undo.png in Resources */,
				1BD924BB1BBEDB2500EF90F7 /* luxembourg.png in Resources */,
				1BD924BF1BBEDB7100EF90F7 /* poland.png in Resources */,
				1BD924D51BBEEFAD00EF90F7 /* liechtenstein.png in Resources */,
				1BD924B71BBEDAF000EF90F7 /* germany.png in Resources */,
				1BD924C71BBEDC0D00EF90F7 /* switzerland.png in Resources */,
				1BD924B31BBEDAC900EF90F7 /* spain.png in Resources */,
				1BD924AF1BBEDA8E00EF90F7 /* hungary.png in Resources */,
				1BD924CF1BBEDCB900EF90F7 /* greatbritain.png in Resources */,
				1BD924D31BBEE04600EF90F7 /* turkey.png in Resources */,
				1BD924C91BBEDC4500EF90F7 /* finland.png in Resources */,
				1BD924CD1BBEDC8700EF90F7 /* sweden.png in Resources */,
				1BD924DD1BBEF30300EF90F7 /* croatia.png in Resources */,
				1BD924D71BBEF05400EF90F7 /* andorra.png in Resources */,
				1BD924BD1BBEDB5B00EF90F7 /* netherlands.png in Resources */,
				1BD924B11BBEDAAC00EF90F7 /* france.png in Resources */,
				1BD924AD1BBED7DB00EF90F7 /* greece.png in Resources */,
				1BD924C51BBEDBE800EF90F7 /* belgium.png in Resources */,
				1BD924D11BBEDCD300EF90F7 /* ireland.png in Resources */,
				1BD924C11BBEDB8300EF90F7 /* portugal.png in Resources */,
				1BD924DB1BBEF12100EF90F7 /* malta.png in Resources */,
				1BD924B91BBEDB0C00EF90F7 /* italy.png in Resources */,
				1BD924D91BBEF0B700EF90F7 /* iceland.png in Resources */,
				1BD924CB1BBEDC6C00EF90F7 /* norway.png in Resources */,
				1BDF7FB91BA833FC00A49AA9 /* Images.xcassets in Resources */,
			);
			runOnlyForDeploymentPostprocessing = 0;
		};
		1BDF7FBF1BA833FC00A49AA9 /* Resources */ = {
			isa = PBXResourcesBuildPhase;
			buildActionMask = 2147483647;
			files = (
			);
			runOnlyForDeploymentPostprocessing = 0;
		};
/* End PBXResourcesBuildPhase section */

/* Begin PBXSourcesBuildPhase section */
		1BDF7FA41BA833FC00A49AA9 /* Sources */ = {
			isa = PBXSourcesBuildPhase;
			buildActionMask = 2147483647;
			files = (
				1BE559FF1BBAD38900E5218F /* DropView.m in Sources */,
				1BDD7F041BB5556C00CB4161 /* DropCollectionView.m in Sources */,
				1BE55A031BBAD3DF00E5218F /* MoveableView.m in Sources */,
				1BBDE4121BAC1B7200CD5461 /* Utils.m in Sources */,
				1BD968361BA99A3200C243D1 /* CollectionViewCell.m in Sources */,
				1BDEF6711BD0FB6E00ADEBBF /* ViewConverter.m in Sources */,
				1BDB9F701BBD71D0005C62CA /* CustomView.m in Sources */,
				1BDD6CAF1BB819DB00AFE92C /* PersistencyManager.m in Sources */,
				1BD924A91BBEC36300EF90F7 /* CurrentState.m in Sources */,
				1BDC0A1C1BC968760097092A /* UndoButtonHelper.m in Sources */,
				1BDDE7481BB4426400E54751 /* ConfigAPI.m in Sources */,
				1BDF7FB41BA833FC00A49AA9 /* ViewController.m in Sources */,
				1BD9B3DE1BD25969009A7812 /* CollectionViewFlowLayout.m in Sources */,
				1BE7810B1BC5536E00BD13C1 /* ConcreteCustomView.m in Sources */,
				1BDCD8B81BC3B880000C21A7 /* DragDropHelper.m in Sources */,
				1BDD7EFD1BB54ABD00CB4161 /* MainBasicView.m in Sources */,
				1BDF7FD31BA8354700A49AA9 /* MainView.m in Sources */,
				1BDC75E91BB1B22E00171AA2 /* NSMutableArray+cat.m in Sources */,
				1BD1ABB21BD9343E00F7E096 /* History.m in Sources */,
				1BBDE4171BAC56C300CD5461 /* UILabel+size.m in Sources */,
				1BDB12321BAAB672005A5051 /* DragView.m in Sources */,
				1BD94FD41BC6A9E5004AF034 /* PublicAPI.m in Sources */,
				1BDF7FB11BA833FC00A49AA9 /* AppDelegate.m in Sources */,
				1BDF7FAE1BA833FC00A49AA9 /* main.m in Sources */,
				1BDD7F011BB5553A00CB4161 /* DragCollectionView.m in Sources */,
				1BDD7EF71BB53AE700CB4161 /* NSMutableDictionary+cat.m in Sources */,
			);
			runOnlyForDeploymentPostprocessing = 0;
		};
		1BDF7FBD1BA833FC00A49AA9 /* Sources */ = {
			isa = PBXSourcesBuildPhase;
			buildActionMask = 2147483647;
			files = (
				1BDF7FC81BA833FC00A49AA9 /* DragDropCollectionViewTests.m in Sources */,
			);
			runOnlyForDeploymentPostprocessing = 0;
		};
/* End PBXSourcesBuildPhase section */

/* Begin PBXTargetDependency section */
		1BDF7FC31BA833FC00A49AA9 /* PBXTargetDependency */ = {
			isa = PBXTargetDependency;
			target = 1BDF7FA71BA833FC00A49AA9 /* DragDropCollectionView */;
			targetProxy = 1BDF7FC21BA833FC00A49AA9 /* PBXContainerItemProxy */;
		};
/* End PBXTargetDependency section */

/* Begin XCBuildConfiguration section */
		1BDF7FC91BA833FC00A49AA9 /* Debug */ = {
			isa = XCBuildConfiguration;
			buildSettings = {
				ALWAYS_SEARCH_USER_PATHS = NO;
				CLANG_CXX_LANGUAGE_STANDARD = "gnu++0x";
				CLANG_CXX_LIBRARY = "libc++";
				CLANG_ENABLE_MODULES = YES;
				CLANG_ENABLE_OBJC_ARC = YES;
				CLANG_WARN_BOOL_CONVERSION = YES;
				CLANG_WARN_CONSTANT_CONVERSION = YES;
				CLANG_WARN_DIRECT_OBJC_ISA_USAGE = YES_ERROR;
				CLANG_WARN_EMPTY_BODY = YES;
				CLANG_WARN_ENUM_CONVERSION = YES;
				CLANG_WARN_INT_CONVERSION = YES;
				CLANG_WARN_OBJC_ROOT_CLASS = YES_ERROR;
				CLANG_WARN_UNREACHABLE_CODE = YES;
				CLANG_WARN__DUPLICATE_METHOD_MATCH = YES;
				"CODE_SIGN_IDENTITY[sdk=iphoneos*]" = "iPhone Developer";
				COPY_PHASE_STRIP = NO;
				DEBUG_INFORMATION_FORMAT = "dwarf-with-dsym";
				ENABLE_STRICT_OBJC_MSGSEND = YES;
				ENABLE_TESTABILITY = YES;
				GCC_C_LANGUAGE_STANDARD = gnu99;
				GCC_DYNAMIC_NO_PIC = NO;
				GCC_NO_COMMON_BLOCKS = YES;
				GCC_OPTIMIZATION_LEVEL = 0;
				GCC_PREPROCESSOR_DEFINITIONS = (
					"DEBUG=1",
					"$(inherited)",
				);
				GCC_SYMBOLS_PRIVATE_EXTERN = NO;
				GCC_WARN_64_TO_32_BIT_CONVERSION = YES;
				GCC_WARN_ABOUT_RETURN_TYPE = YES_ERROR;
				GCC_WARN_UNDECLARED_SELECTOR = YES;
				GCC_WARN_UNINITIALIZED_AUTOS = YES_AGGRESSIVE;
				GCC_WARN_UNUSED_FUNCTION = YES;
				GCC_WARN_UNUSED_VARIABLE = YES;
				IPHONEOS_DEPLOYMENT_TARGET = 8.4;
				MTL_ENABLE_DEBUG_INFO = YES;
				ONLY_ACTIVE_ARCH = YES;
				SDKROOT = iphoneos;
				TARGETED_DEVICE_FAMILY = "1,2";
			};
			name = Debug;
		};
		1BDF7FCA1BA833FC00A49AA9 /* Release */ = {
			isa = XCBuildConfiguration;
			buildSettings = {
				ALWAYS_SEARCH_USER_PATHS = NO;
				CLANG_CXX_LANGUAGE_STANDARD = "gnu++0x";
				CLANG_CXX_LIBRARY = "libc++";
				CLANG_ENABLE_MODULES = YES;
				CLANG_ENABLE_OBJC_ARC = YES;
				CLANG_WARN_BOOL_CONVERSION = YES;
				CLANG_WARN_CONSTANT_CONVERSION = YES;
				CLANG_WARN_DIRECT_OBJC_ISA_USAGE = YES_ERROR;
				CLANG_WARN_EMPTY_BODY = YES;
				CLANG_WARN_ENUM_CONVERSION = YES;
				CLANG_WARN_INT_CONVERSION = YES;
				CLANG_WARN_OBJC_ROOT_CLASS = YES_ERROR;
				CLANG_WARN_UNREACHABLE_CODE = YES;
				CLANG_WARN__DUPLICATE_METHOD_MATCH = YES;
				"CODE_SIGN_IDENTITY[sdk=iphoneos*]" = "iPhone Developer";
				COPY_PHASE_STRIP = NO;
				DEBUG_INFORMATION_FORMAT = "dwarf-with-dsym";
				ENABLE_NS_ASSERTIONS = NO;
				ENABLE_STRICT_OBJC_MSGSEND = YES;
				GCC_C_LANGUAGE_STANDARD = gnu99;
				GCC_NO_COMMON_BLOCKS = YES;
				GCC_WARN_64_TO_32_BIT_CONVERSION = YES;
				GCC_WARN_ABOUT_RETURN_TYPE = YES_ERROR;
				GCC_WARN_UNDECLARED_SELECTOR = YES;
				GCC_WARN_UNINITIALIZED_AUTOS = YES_AGGRESSIVE;
				GCC_WARN_UNUSED_FUNCTION = YES;
				GCC_WARN_UNUSED_VARIABLE = YES;
				IPHONEOS_DEPLOYMENT_TARGET = 8.4;
				MTL_ENABLE_DEBUG_INFO = NO;
				SDKROOT = iphoneos;
				TARGETED_DEVICE_FAMILY = "1,2";
				VALIDATE_PRODUCT = YES;
			};
			name = Release;
		};
		1BDF7FCC1BA833FC00A49AA9 /* Debug */ = {
			isa = XCBuildConfiguration;
			buildSettings = {
				ASSETCATALOG_COMPILER_APPICON_NAME = AppIcon;
				GCC_PRECOMPILE_PREFIX_HEADER = YES;
				GCC_PREFIX_HEADER = DragDropCollectionView/PrefixHeader.pch;
				GCC_WARN_UNUSED_LABEL = YES;
				GCC_WARN_UNUSED_PARAMETER = NO;
				INFOPLIST_FILE = DragDropCollectionView/Info.plist;
				IPHONEOS_DEPLOYMENT_TARGET = 8.1;
				LD_RUNPATH_SEARCH_PATHS = "$(inherited) @executable_path/Frameworks";
				PRODUCT_BUNDLE_IDENTIFIER = "ch.vormbrock.$(PRODUCT_NAME:rfc1034identifier)";
				PRODUCT_NAME = "$(TARGET_NAME)";
			};
			name = Debug;
		};
		1BDF7FCD1BA833FC00A49AA9 /* Release */ = {
			isa = XCBuildConfiguration;
			buildSettings = {
				ASSETCATALOG_COMPILER_APPICON_NAME = AppIcon;
				GCC_PRECOMPILE_PREFIX_HEADER = YES;
				GCC_PREFIX_HEADER = DragDropCollectionView/PrefixHeader.pch;
				GCC_WARN_UNUSED_LABEL = YES;
				GCC_WARN_UNUSED_PARAMETER = NO;
				INFOPLIST_FILE = DragDropCollectionView/Info.plist;
				IPHONEOS_DEPLOYMENT_TARGET = 8.1;
				LD_RUNPATH_SEARCH_PATHS = "$(inherited) @executable_path/Frameworks";
				PRODUCT_BUNDLE_IDENTIFIER = "ch.vormbrock.$(PRODUCT_NAME:rfc1034identifier)";
				PRODUCT_NAME = "$(TARGET_NAME)";
			};
			name = Release;
		};
		1BDF7FCF1BA833FC00A49AA9 /* Debug */ = {
			isa = XCBuildConfiguration;
			buildSettings = {
				BUNDLE_LOADER = "$(TEST_HOST)";
				FRAMEWORK_SEARCH_PATHS = (
					"$(SDKROOT)/Developer/Library/Frameworks",
					"$(inherited)",
				);
				GCC_PREPROCESSOR_DEFINITIONS = (
					"DEBUG=1",
					"$(inherited)",
				);
				INFOPLIST_FILE = DragDropCollectionViewTests/Info.plist;
				LD_RUNPATH_SEARCH_PATHS = "$(inherited) @executable_path/Frameworks @loader_path/Frameworks";
				PRODUCT_BUNDLE_IDENTIFIER = "ch.vormbrock.$(PRODUCT_NAME:rfc1034identifier)";
				PRODUCT_NAME = "$(TARGET_NAME)";
				TEST_HOST = "$(BUILT_PRODUCTS_DIR)/DragDropCollectionView.app/DragDropCollectionView";
			};
			name = Debug;
		};
		1BDF7FD01BA833FC00A49AA9 /* Release */ = {
			isa = XCBuildConfiguration;
			buildSettings = {
				BUNDLE_LOADER = "$(TEST_HOST)";
				FRAMEWORK_SEARCH_PATHS = (
					"$(SDKROOT)/Developer/Library/Frameworks",
					"$(inherited)",
				);
				INFOPLIST_FILE = DragDropCollectionViewTests/Info.plist;
				LD_RUNPATH_SEARCH_PATHS = "$(inherited) @executable_path/Frameworks @loader_path/Frameworks";
				PRODUCT_BUNDLE_IDENTIFIER = "ch.vormbrock.$(PRODUCT_NAME:rfc1034identifier)";
				PRODUCT_NAME = "$(TARGET_NAME)";
				TEST_HOST = "$(BUILT_PRODUCTS_DIR)/DragDropCollectionView.app/DragDropCollectionView";
			};
			name = Release;
		};
/* End XCBuildConfiguration section */

/* Begin XCConfigurationList section */
		1BDF7FA31BA833FC00A49AA9 /* Build configuration list for PBXProject "DragDropCollectionView" */ = {
			isa = XCConfigurationList;
			buildConfigurations = (
				1BDF7FC91BA833FC00A49AA9 /* Debug */,
				1BDF7FCA1BA833FC00A49AA9 /* Release */,
			);
			defaultConfigurationIsVisible = 0;
			defaultConfigurationName = Release;
		};
		1BDF7FCB1BA833FC00A49AA9 /* Build configuration list for PBXNativeTarget "DragDropCollectionView" */ = {
			isa = XCConfigurationList;
			buildConfigurations = (
				1BDF7FCC1BA833FC00A49AA9 /* Debug */,
				1BDF7FCD1BA833FC00A49AA9 /* Release */,
			);
			defaultConfigurationIsVisible = 0;
			defaultConfigurationName = Release;
		};
		1BDF7FCE1BA833FC00A49AA9 /* Build configuration list for PBXNativeTarget "DragDropCollectionViewTests" */ = {
			isa = XCConfigurationList;
			buildConfigurations = (
				1BDF7FCF1BA833FC00A49AA9 /* Debug */,
				1BDF7FD01BA833FC00A49AA9 /* Release */,
			);
			defaultConfigurationIsVisible = 0;
			defaultConfigurationName = Release;
		};
/* End XCConfigurationList section */
	};
	rootObject = 1BDF7FA01BA833FC00A49AA9 /* Project object */;
}
